// !$*UTF8*$!
{
	archiveVersion = 1;
	classes = {
	};
	objectVersion = 55;
	objects = {

/* Begin PBXBuildFile section */
		10344A942A9F23470096E45D /* CardGachaViewController.swift in Sources */ = {isa = PBXBuildFile; fileRef = 10344A932A9F23470096E45D /* CardGachaViewController.swift */; };
		10EC0B4C29307A3A00D76BDB /* AppDelegate.swift in Sources */ = {isa = PBXBuildFile; fileRef = 10EC0B4B29307A3A00D76BDB /* AppDelegate.swift */; };
		10EC0B4E29307A3A00D76BDB /* SceneDelegate.swift in Sources */ = {isa = PBXBuildFile; fileRef = 10EC0B4D29307A3A00D76BDB /* SceneDelegate.swift */; };
		10EC0B5029307A3A00D76BDB /* ViewController.swift in Sources */ = {isa = PBXBuildFile; fileRef = 10EC0B4F29307A3A00D76BDB /* ViewController.swift */; };
		10EC0B5329307A3A00D76BDB /* Main.storyboard in Resources */ = {isa = PBXBuildFile; fileRef = 10EC0B5129307A3A00D76BDB /* Main.storyboard */; };
		10EC0B5529307A3B00D76BDB /* Assets.xcassets in Resources */ = {isa = PBXBuildFile; fileRef = 10EC0B5429307A3B00D76BDB /* Assets.xcassets */; };
		10EC0B5829307A3B00D76BDB /* LaunchScreen.storyboard in Resources */ = {isa = PBXBuildFile; fileRef = 10EC0B5629307A3B00D76BDB /* LaunchScreen.storyboard */; };
		10EC0B622930944800D76BDB /* CalenderCell.swift in Sources */ = {isa = PBXBuildFile; fileRef = 10EC0B612930944800D76BDB /* CalenderCell.swift */; };
		10EC0B662932EE9500D76BDB /* Card.swift in Sources */ = {isa = PBXBuildFile; fileRef = 10EC0B652932EE9500D76BDB /* Card.swift */; };
		10EC0B682933023B00D76BDB /* Extension.swift in Sources */ = {isa = PBXBuildFile; fileRef = 10EC0B672933023B00D76BDB /* Extension.swift */; };
		10EC0B6A2933075D00D76BDB /* ChristmasGift.plist in Resources */ = {isa = PBXBuildFile; fileRef = 10EC0B692933075D00D76BDB /* ChristmasGift.plist */; };
		10EC0B6C293318C400D76BDB /* ImageViewController.swift in Sources */ = {isa = PBXBuildFile; fileRef = 10EC0B6B293318C400D76BDB /* ImageViewController.swift */; };
		10EC0B6E2933695700D76BDB /* LocalNotification.swift in Sources */ = {isa = PBXBuildFile; fileRef = 10EC0B6D2933695700D76BDB /* LocalNotification.swift */; };
		10EC0B8B29348BBA00D76BDB /* LaunchScreenImage@3x.png in Resources */ = {isa = PBXBuildFile; fileRef = 10EC0B8A29348BBA00D76BDB /* LaunchScreenImage@3x.png */; };
/* End PBXBuildFile section */

/* Begin PBXFileReference section */
		10344A932A9F23470096E45D /* CardGachaViewController.swift */ = {isa = PBXFileReference; lastKnownFileType = sourcecode.swift; path = CardGachaViewController.swift; sourceTree = "<group>"; };
		10EC0B4829307A3A00D76BDB /* CatAdventCalender.app */ = {isa = PBXFileReference; explicitFileType = wrapper.application; includeInIndex = 0; path = CatAdventCalender.app; sourceTree = BUILT_PRODUCTS_DIR; };
		10EC0B4B29307A3A00D76BDB /* AppDelegate.swift */ = {isa = PBXFileReference; lastKnownFileType = sourcecode.swift; path = AppDelegate.swift; sourceTree = "<group>"; };
		10EC0B4D29307A3A00D76BDB /* SceneDelegate.swift */ = {isa = PBXFileReference; lastKnownFileType = sourcecode.swift; path = SceneDelegate.swift; sourceTree = "<group>"; };
		10EC0B4F29307A3A00D76BDB /* ViewController.swift */ = {isa = PBXFileReference; lastKnownFileType = sourcecode.swift; path = ViewController.swift; sourceTree = "<group>"; };
		10EC0B5229307A3A00D76BDB /* Base */ = {isa = PBXFileReference; lastKnownFileType = file.storyboard; name = Base; path = Base.lproj/Main.storyboard; sourceTree = "<group>"; };
		10EC0B5429307A3B00D76BDB /* Assets.xcassets */ = {isa = PBXFileReference; lastKnownFileType = folder.assetcatalog; path = Assets.xcassets; sourceTree = "<group>"; };
		10EC0B5729307A3B00D76BDB /* Base */ = {isa = PBXFileReference; lastKnownFileType = file.storyboard; name = Base; path = Base.lproj/LaunchScreen.storyboard; sourceTree = "<group>"; };
		10EC0B5929307A3B00D76BDB /* Info.plist */ = {isa = PBXFileReference; lastKnownFileType = text.plist.xml; path = Info.plist; sourceTree = "<group>"; };
		10EC0B612930944800D76BDB /* CalenderCell.swift */ = {isa = PBXFileReference; lastKnownFileType = sourcecode.swift; path = CalenderCell.swift; sourceTree = "<group>"; };
		10EC0B652932EE9500D76BDB /* Card.swift */ = {isa = PBXFileReference; lastKnownFileType = sourcecode.swift; path = Card.swift; sourceTree = "<group>"; };
		10EC0B672933023B00D76BDB /* Extension.swift */ = {isa = PBXFileReference; lastKnownFileType = sourcecode.swift; path = Extension.swift; sourceTree = "<group>"; };
		10EC0B692933075D00D76BDB /* ChristmasGift.plist */ = {isa = PBXFileReference; lastKnownFileType = text.plist.xml; path = ChristmasGift.plist; sourceTree = "<group>"; };
		10EC0B6B293318C400D76BDB /* ImageViewController.swift */ = {isa = PBXFileReference; lastKnownFileType = sourcecode.swift; path = ImageViewController.swift; sourceTree = "<group>"; };
		10EC0B6D2933695700D76BDB /* LocalNotification.swift */ = {isa = PBXFileReference; lastKnownFileType = sourcecode.swift; path = LocalNotification.swift; sourceTree = "<group>"; };
		10EC0B8A29348BBA00D76BDB /* LaunchScreenImage@3x.png */ = {isa = PBXFileReference; lastKnownFileType = image.png; path = "LaunchScreenImage@3x.png"; sourceTree = "<group>"; };
/* End PBXFileReference section */

/* Begin PBXFrameworksBuildPhase section */
		10EC0B4529307A3A00D76BDB /* Frameworks */ = {
			isa = PBXFrameworksBuildPhase;
			buildActionMask = 2147483647;
			files = (
			);
			runOnlyForDeploymentPostprocessing = 0;
		};
/* End PBXFrameworksBuildPhase section */

/* Begin PBXGroup section */
		10344A782A91AAD40096E45D /* Delegates */ = {
			isa = PBXGroup;
			children = (
				10EC0B4B29307A3A00D76BDB /* AppDelegate.swift */,
				10EC0B4D29307A3A00D76BDB /* SceneDelegate.swift */,
			);
			path = Delegates;
			sourceTree = "<group>";
		};
		10344A792A91AB1F0096E45D /* Controller */ = {
			isa = PBXGroup;
			children = (
				10EC0B4F29307A3A00D76BDB /* ViewController.swift */,
				10EC0B6B293318C400D76BDB /* ImageViewController.swift */,
				10344A932A9F23470096E45D /* CardGachaViewController.swift */,
			);
			path = Controller;
			sourceTree = "<group>";
		};
		10344A7A2A91AB350096E45D /* Model */ = {
			isa = PBXGroup;
			children = (
				10EC0B652932EE9500D76BDB /* Card.swift */,
			);
			path = Model;
			sourceTree = "<group>";
		};
		10344A7B2A91AB3E0096E45D /* Extensions */ = {
			isa = PBXGroup;
			children = (
				10EC0B672933023B00D76BDB /* Extension.swift */,
			);
			path = Extensions;
			sourceTree = "<group>";
		};
		10344A7C2A91AB490096E45D /* Notification */ = {
			isa = PBXGroup;
			children = (
				10EC0B6D2933695700D76BDB /* LocalNotification.swift */,
			);
			path = Notification;
			sourceTree = "<group>";
		};
		10344A7D2A91AB590096E45D /* Views */ = {
			isa = PBXGroup;
			children = (
				10EC0B5129307A3A00D76BDB /* Main.storyboard */,
				10344A7E2A91AB7F0096E45D /* CustomCells */,
			);
			path = Views;
			sourceTree = "<group>";
		};
		10344A7E2A91AB7F0096E45D /* CustomCells */ = {
			isa = PBXGroup;
			children = (
				10EC0B612930944800D76BDB /* CalenderCell.swift */,
			);
			path = CustomCells;
			sourceTree = "<group>";
		};
		10EC0B3F29307A3A00D76BDB = {
			isa = PBXGroup;
			children = (
				10EC0B4A29307A3A00D76BDB /* CatAdventCalender */,
				10EC0B4929307A3A00D76BDB /* Products */,
			);
			sourceTree = "<group>";
		};
		10EC0B4929307A3A00D76BDB /* Products */ = {
			isa = PBXGroup;
			children = (
				10EC0B4829307A3A00D76BDB /* CatAdventCalender.app */,
			);
			name = Products;
			sourceTree = "<group>";
		};
		10EC0B4A29307A3A00D76BDB /* CatAdventCalender */ = {
			isa = PBXGroup;
			children = (
				10344A7A2A91AB350096E45D /* Model */,
				10344A7D2A91AB590096E45D /* Views */,
				10344A792A91AB1F0096E45D /* Controller */,
				10344A782A91AAD40096E45D /* Delegates */,
				10344A7B2A91AB3E0096E45D /* Extensions */,
				10344A7C2A91AB490096E45D /* Notification */,
				10EC0B692933075D00D76BDB /* ChristmasGift.plist */,
				10EC0B5429307A3B00D76BDB /* Assets.xcassets */,
				10EC0B5629307A3B00D76BDB /* LaunchScreen.storyboard */,
				10EC0B8A29348BBA00D76BDB /* LaunchScreenImage@3x.png */,
				10EC0B5929307A3B00D76BDB /* Info.plist */,
			);
			path = CatAdventCalender;
			sourceTree = "<group>";
		};
/* End PBXGroup section */

/* Begin PBXNativeTarget section */
		10EC0B4729307A3A00D76BDB /* CatAdventCalender */ = {
			isa = PBXNativeTarget;
			buildConfigurationList = 10EC0B5C29307A3B00D76BDB /* Build configuration list for PBXNativeTarget "CatAdventCalender" */;
			buildPhases = (
				10EC0B4429307A3A00D76BDB /* Sources */,
				10EC0B4529307A3A00D76BDB /* Frameworks */,
				10EC0B4629307A3A00D76BDB /* Resources */,
			);
			buildRules = (
			);
			dependencies = (
			);
			name = CatAdventCalender;
			productName = CatAdventCalender;
			productReference = 10EC0B4829307A3A00D76BDB /* CatAdventCalender.app */;
			productType = "com.apple.product-type.application";
		};
/* End PBXNativeTarget section */

/* Begin PBXProject section */
		10EC0B4029307A3A00D76BDB /* Project object */ = {
			isa = PBXProject;
			attributes = {
				BuildIndependentTargetsInParallel = 1;
				LastSwiftUpdateCheck = 1340;
				LastUpgradeCheck = 1340;
				TargetAttributes = {
					10EC0B4729307A3A00D76BDB = {
						CreatedOnToolsVersion = 13.4;
					};
				};
			};
			buildConfigurationList = 10EC0B4329307A3A00D76BDB /* Build configuration list for PBXProject "CatAdventCalender" */;
			compatibilityVersion = "Xcode 13.0";
			developmentRegion = en;
			hasScannedForEncodings = 0;
			knownRegions = (
				en,
				Base,
			);
			mainGroup = 10EC0B3F29307A3A00D76BDB;
			productRefGroup = 10EC0B4929307A3A00D76BDB /* Products */;
			projectDirPath = "";
			projectRoot = "";
			targets = (
				10EC0B4729307A3A00D76BDB /* CatAdventCalender */,
			);
		};
/* End PBXProject section */

/* Begin PBXResourcesBuildPhase section */
		10EC0B4629307A3A00D76BDB /* Resources */ = {
			isa = PBXResourcesBuildPhase;
			buildActionMask = 2147483647;
			files = (
				10EC0B5829307A3B00D76BDB /* LaunchScreen.storyboard in Resources */,
				10EC0B5529307A3B00D76BDB /* Assets.xcassets in Resources */,
				10EC0B8B29348BBA00D76BDB /* LaunchScreenImage@3x.png in Resources */,
				10EC0B6A2933075D00D76BDB /* ChristmasGift.plist in Resources */,
				10EC0B5329307A3A00D76BDB /* Main.storyboard in Resources */,
			);
			runOnlyForDeploymentPostprocessing = 0;
		};
/* End PBXResourcesBuildPhase section */

/* Begin PBXSourcesBuildPhase section */
		10EC0B4429307A3A00D76BDB /* Sources */ = {
			isa = PBXSourcesBuildPhase;
			buildActionMask = 2147483647;
			files = (
				10EC0B5029307A3A00D76BDB /* ViewController.swift in Sources */,
				10EC0B4C29307A3A00D76BDB /* AppDelegate.swift in Sources */,
				10EC0B662932EE9500D76BDB /* Card.swift in Sources */,
				10EC0B6C293318C400D76BDB /* ImageViewController.swift in Sources */,
				10EC0B6E2933695700D76BDB /* LocalNotification.swift in Sources */,
				10344A942A9F23470096E45D /* CardGachaViewController.swift in Sources */,
				10EC0B682933023B00D76BDB /* Extension.swift in Sources */,
				10EC0B4E29307A3A00D76BDB /* SceneDelegate.swift in Sources */,
				10EC0B622930944800D76BDB /* CalenderCell.swift in Sources */,
			);
			runOnlyForDeploymentPostprocessing = 0;
		};
/* End PBXSourcesBuildPhase section */

/* Begin PBXVariantGroup section */
		10EC0B5129307A3A00D76BDB /* Main.storyboard */ = {
			isa = PBXVariantGroup;
			children = (
				10EC0B5229307A3A00D76BDB /* Base */,
			);
			name = Main.storyboard;
			sourceTree = "<group>";
		};
		10EC0B5629307A3B00D76BDB /* LaunchScreen.storyboard */ = {
			isa = PBXVariantGroup;
			children = (
				10EC0B5729307A3B00D76BDB /* Base */,
			);
			name = LaunchScreen.storyboard;
			sourceTree = "<group>";
		};
/* End PBXVariantGroup section */

/* Begin XCBuildConfiguration section */
		10EC0B5A29307A3B00D76BDB /* Debug */ = {
			isa = XCBuildConfiguration;
			buildSettings = {
				ALWAYS_SEARCH_USER_PATHS = NO;
				CLANG_ANALYZER_NONNULL = YES;
				CLANG_ANALYZER_NUMBER_OBJECT_CONVERSION = YES_AGGRESSIVE;
				CLANG_CXX_LANGUAGE_STANDARD = "gnu++17";
				CLANG_ENABLE_MODULES = YES;
				CLANG_ENABLE_OBJC_ARC = YES;
				CLANG_ENABLE_OBJC_WEAK = YES;
				CLANG_WARN_BLOCK_CAPTURE_AUTORELEASING = YES;
				CLANG_WARN_BOOL_CONVERSION = YES;
				CLANG_WARN_COMMA = YES;
				CLANG_WARN_CONSTANT_CONVERSION = YES;
				CLANG_WARN_DEPRECATED_OBJC_IMPLEMENTATIONS = YES;
				CLANG_WARN_DIRECT_OBJC_ISA_USAGE = YES_ERROR;
				CLANG_WARN_DOCUMENTATION_COMMENTS = YES;
				CLANG_WARN_EMPTY_BODY = YES;
				CLANG_WARN_ENUM_CONVERSION = YES;
				CLANG_WARN_INFINITE_RECURSION = YES;
				CLANG_WARN_INT_CONVERSION = YES;
				CLANG_WARN_NON_LITERAL_NULL_CONVERSION = YES;
				CLANG_WARN_OBJC_IMPLICIT_RETAIN_SELF = YES;
				CLANG_WARN_OBJC_LITERAL_CONVERSION = YES;
				CLANG_WARN_OBJC_ROOT_CLASS = YES_ERROR;
				CLANG_WARN_QUOTED_INCLUDE_IN_FRAMEWORK_HEADER = YES;
				CLANG_WARN_RANGE_LOOP_ANALYSIS = YES;
				CLANG_WARN_STRICT_PROTOTYPES = YES;
				CLANG_WARN_SUSPICIOUS_MOVE = YES;
				CLANG_WARN_UNGUARDED_AVAILABILITY = YES_AGGRESSIVE;
				CLANG_WARN_UNREACHABLE_CODE = YES;
				CLANG_WARN__DUPLICATE_METHOD_MATCH = YES;
				COPY_PHASE_STRIP = NO;
				DEBUG_INFORMATION_FORMAT = dwarf;
				ENABLE_STRICT_OBJC_MSGSEND = YES;
				ENABLE_TESTABILITY = YES;
				GCC_C_LANGUAGE_STANDARD = gnu11;
				GCC_DYNAMIC_NO_PIC = NO;
				GCC_NO_COMMON_BLOCKS = YES;
				GCC_OPTIMIZATION_LEVEL = 0;
				GCC_PREPROCESSOR_DEFINITIONS = (
					"DEBUG=1",
					"$(inherited)",
				);
				GCC_WARN_64_TO_32_BIT_CONVERSION = YES;
				GCC_WARN_ABOUT_RETURN_TYPE = YES_ERROR;
				GCC_WARN_UNDECLARED_SELECTOR = YES;
				GCC_WARN_UNINITIALIZED_AUTOS = YES_AGGRESSIVE;
				GCC_WARN_UNUSED_FUNCTION = YES;
				GCC_WARN_UNUSED_VARIABLE = YES;
				IPHONEOS_DEPLOYMENT_TARGET = 15.0;
				MTL_ENABLE_DEBUG_INFO = INCLUDE_SOURCE;
				MTL_FAST_MATH = YES;
				ONLY_ACTIVE_ARCH = YES;
				SDKROOT = iphoneos;
				SWIFT_ACTIVE_COMPILATION_CONDITIONS = DEBUG;
				SWIFT_OPTIMIZATION_LEVEL = "-Onone";
			};
			name = Debug;
		};
		10EC0B5B29307A3B00D76BDB /* Release */ = {
			isa = XCBuildConfiguration;
			buildSettings = {
				ALWAYS_SEARCH_USER_PATHS = NO;
				CLANG_ANALYZER_NONNULL = YES;
				CLANG_ANALYZER_NUMBER_OBJECT_CONVERSION = YES_AGGRESSIVE;
				CLANG_CXX_LANGUAGE_STANDARD = "gnu++17";
				CLANG_ENABLE_MODULES = YES;
				CLANG_ENABLE_OBJC_ARC = YES;
				CLANG_ENABLE_OBJC_WEAK = YES;
				CLANG_WARN_BLOCK_CAPTURE_AUTORELEASING = YES;
				CLANG_WARN_BOOL_CONVERSION = YES;
				CLANG_WARN_COMMA = YES;
				CLANG_WARN_CONSTANT_CONVERSION = YES;
				CLANG_WARN_DEPRECATED_OBJC_IMPLEMENTATIONS = YES;
				CLANG_WARN_DIRECT_OBJC_ISA_USAGE = YES_ERROR;
				CLANG_WARN_DOCUMENTATION_COMMENTS = YES;
				CLANG_WARN_EMPTY_BODY = YES;
				CLANG_WARN_ENUM_CONVERSION = YES;
				CLANG_WARN_INFINITE_RECURSION = YES;
				CLANG_WARN_INT_CONVERSION = YES;
				CLANG_WARN_NON_LITERAL_NULL_CONVERSION = YES;
				CLANG_WARN_OBJC_IMPLICIT_RETAIN_SELF = YES;
				CLANG_WARN_OBJC_LITERAL_CONVERSION = YES;
				CLANG_WARN_OBJC_ROOT_CLASS = YES_ERROR;
				CLANG_WARN_QUOTED_INCLUDE_IN_FRAMEWORK_HEADER = YES;
				CLANG_WARN_RANGE_LOOP_ANALYSIS = YES;
				CLANG_WARN_STRICT_PROTOTYPES = YES;
				CLANG_WARN_SUSPICIOUS_MOVE = YES;
				CLANG_WARN_UNGUARDED_AVAILABILITY = YES_AGGRESSIVE;
				CLANG_WARN_UNREACHABLE_CODE = YES;
				CLANG_WARN__DUPLICATE_METHOD_MATCH = YES;
				COPY_PHASE_STRIP = NO;
				DEBUG_INFORMATION_FORMAT = "dwarf-with-dsym";
				ENABLE_NS_ASSERTIONS = NO;
				ENABLE_STRICT_OBJC_MSGSEND = YES;
				GCC_C_LANGUAGE_STANDARD = gnu11;
				GCC_NO_COMMON_BLOCKS = YES;
				GCC_WARN_64_TO_32_BIT_CONVERSION = YES;
				GCC_WARN_ABOUT_RETURN_TYPE = YES_ERROR;
				GCC_WARN_UNDECLARED_SELECTOR = YES;
				GCC_WARN_UNINITIALIZED_AUTOS = YES_AGGRESSIVE;
				GCC_WARN_UNUSED_FUNCTION = YES;
				GCC_WARN_UNUSED_VARIABLE = YES;
				IPHONEOS_DEPLOYMENT_TARGET = 15.0;
				MTL_ENABLE_DEBUG_INFO = NO;
				MTL_FAST_MATH = YES;
				SDKROOT = iphoneos;
				SWIFT_COMPILATION_MODE = wholemodule;
				SWIFT_OPTIMIZATION_LEVEL = "-O";
				VALIDATE_PRODUCT = YES;
			};
			name = Release;
		};
		10EC0B5D29307A3B00D76BDB /* Debug */ = {
			isa = XCBuildConfiguration;
			buildSettings = {
				ASSETCATALOG_COMPILER_APPICON_NAME = AppIcon;
				ASSETCATALOG_COMPILER_GLOBAL_ACCENT_COLOR_NAME = AccentColor;
				CODE_SIGN_STYLE = Automatic;
				CURRENT_PROJECT_VERSION = 1;
				DEVELOPMENT_TEAM = "";
				GENERATE_INFOPLIST_FILE = YES;
				INFOPLIST_FILE = CatAdventCalender/Info.plist;
				INFOPLIST_KEY_UIApplicationSupportsIndirectInputEvents = YES;
				INFOPLIST_KEY_UILaunchStoryboardName = LaunchScreen;
				INFOPLIST_KEY_UIMainStoryboardFile = Main;
				INFOPLIST_KEY_UISupportedInterfaceOrientations = "UIInterfaceOrientationPortrait UIInterfaceOrientationLandscapeLeft UIInterfaceOrientationLandscapeRight";
				INFOPLIST_KEY_UISupportedInterfaceOrientations_iPad = "UIInterfaceOrientationPortrait UIInterfaceOrientationPortraitUpsideDown UIInterfaceOrientationLandscapeLeft UIInterfaceOrientationLandscapeRight";
				INFOPLIST_KEY_UISupportedInterfaceOrientations_iPhone = "UIInterfaceOrientationPortrait UIInterfaceOrientationLandscapeLeft UIInterfaceOrientationLandscapeRight";
				IPHONEOS_DEPLOYMENT_TARGET = 15.0;
				LD_RUNPATH_SEARCH_PATHS = (
					"$(inherited)",
					"@executable_path/Frameworks",
				);
				MARKETING_VERSION = 1.0;
				PRODUCT_BUNDLE_IDENTIFIER = com.hyeji.CatAdventCalender;
				PRODUCT_NAME = "$(TARGET_NAME)";
				SWIFT_EMIT_LOC_STRINGS = YES;
				SWIFT_VERSION = 5.0;
				TARGETED_DEVICE_FAMILY = 1;
			};
			name = Debug;
		};
		10EC0B5E29307A3B00D76BDB /* Release */ = {
			isa = XCBuildConfiguration;
			buildSettings = {
				ASSETCATALOG_COMPILER_APPICON_NAME = AppIcon;
				ASSETCATALOG_COMPILER_GLOBAL_ACCENT_COLOR_NAME = AccentColor;
				CODE_SIGN_STYLE = Automatic;
				CURRENT_PROJECT_VERSION = 1;
				DEVELOPMENT_TEAM = "";
				GENERATE_INFOPLIST_FILE = YES;
				INFOPLIST_FILE = CatAdventCalender/Info.plist;
				INFOPLIST_KEY_UIApplicationSupportsIndirectInputEvents = YES;
				INFOPLIST_KEY_UILaunchStoryboardName = LaunchScreen;
				INFOPLIST_KEY_UIMainStoryboardFile = Main;
				INFOPLIST_KEY_UISupportedInterfaceOrientations = "UIInterfaceOrientationPortrait UIInterfaceOrientationLandscapeLeft UIInterfaceOrientationLandscapeRight";
				INFOPLIST_KEY_UISupportedInterfaceOrientations_iPad = "UIInterfaceOrientationPortrait UIInterfaceOrientationPortraitUpsideDown UIInterfaceOrientationLandscapeLeft UIInterfaceOrientationLandscapeRight";
				INFOPLIST_KEY_UISupportedInterfaceOrientations_iPhone = "UIInterfaceOrientationPortrait UIInterfaceOrientationLandscapeLeft UIInterfaceOrientationLandscapeRight";
				IPHONEOS_DEPLOYMENT_TARGET = 15.0;
				LD_RUNPATH_SEARCH_PATHS = (
					"$(inherited)",
					"@executable_path/Frameworks",
				);
				MARKETING_VERSION = 1.0;
				PRODUCT_BUNDLE_IDENTIFIER = com.hyeji.CatAdventCalender;
				PRODUCT_NAME = "$(TARGET_NAME)";
				SWIFT_EMIT_LOC_STRINGS = YES;
				SWIFT_VERSION = 5.0;
				TARGETED_DEVICE_FAMILY = 1;
			};
			name = Release;
		};
/* End XCBuildConfiguration section */

/* Begin XCConfigurationList section */
		10EC0B4329307A3A00D76BDB /* Build configuration list for PBXProject "CatAdventCalender" */ = {
			isa = XCConfigurationList;
			buildConfigurations = (
				10EC0B5A29307A3B00D76BDB /* Debug */,
				10EC0B5B29307A3B00D76BDB /* Release */,
			);
			defaultConfigurationIsVisible = 0;
			defaultConfigurationName = Release;
		};
		10EC0B5C29307A3B00D76BDB /* Build configuration list for PBXNativeTarget "CatAdventCalender" */ = {
			isa = XCConfigurationList;
			buildConfigurations = (
				10EC0B5D29307A3B00D76BDB /* Debug */,
				10EC0B5E29307A3B00D76BDB /* Release */,
			);
			defaultConfigurationIsVisible = 0;
			defaultConfigurationName = Release;
		};
/* End XCConfigurationList section */
	};
	rootObject = 10EC0B4029307A3A00D76BDB /* Project object */;
}
